<?xml version="1.0" encoding="utf-8"?>
<Project ToolsVersion="4.0" xmlns="http://schemas.microsoft.com/developer/msbuild/2003">
  <ItemGroup>
    <Filter Include="Reaper">
      <UniqueIdentifier>{E4CD80CE-D06F-ABA4-B92A-BFF8A56B32F5}</UniqueIdentifier>
    </Filter>
  </ItemGroup>
  <ItemGroup>
    <ClInclude Include="Source\Reaper.hpp" />
    <ClInclude Include="Source\Reaper\Application.hpp">
      <Filter>Reaper</Filter>
    </ClInclude>
    <ClInclude Include="Source\Reaper\Core.hpp">
      <Filter>Reaper</Filter>
    </ClInclude>
    <ClInclude Include="Source\Reaper\EntryPoint.hpp">
      <Filter>Reaper</Filter>
    </ClInclude>
    <ClInclude Include="Source\Reaper\Log.hpp">
      <Filter>Reaper</Filter>
    </ClInclude>
  </ItemGroup>
  <ItemGroup>
    <ClCompile Include="Source\Reaper\Application.cpp">
      <Filter>Reaper</Filter>
    </ClCompile>
    <ClCompile Include="Source\Reaper\Log.cpp">
      <Filter>Reaper</Filter>
    </ClCompile>
  </ItemGroup>
</Project>